<?xml version="1.0" encoding="utf-8"?>
<Project ToolsVersion="4.0" xmlns="http://schemas.microsoft.com/developer/msbuild/2003">
  <ItemGroup>
    <ClCompile Include="Source\Actor.cpp" />
    <ClCompile Include="Source\BaseWeapon.cpp" />
    <ClCompile Include="Source\Boid.cpp" />
    <ClCompile Include="Source\BoxCollider.cpp" />
    <ClCompile Include="Source\Bullet.cpp" />
    <ClCompile Include="Source\Camera.cpp" />
    <ClCompile Include="Source\Circle.cpp" />
    <ClCompile Include="Source\Collider.cpp" />
    <ClCompile Include="Source\CollisionSolver.cpp" />
    <ClCompile Include="Source\Command.cpp" />
    <ClCompile Include="Source\Creature.cpp" />
    <ClCompile Include="Source\Emitter.cpp" />
    <ClCompile Include="Source\Engine.cpp" />
    <ClCompile Include="Source\FrameBuffer.cpp" />
    <ClCompile Include="Source\Game.cpp" />
    <ClCompile Include="Source\IKChain.cpp" />
    <ClCompile Include="Source\IKSegment.cpp" />
    <ClCompile Include="Source\InputHandler.cpp" />
    <ClCompile Include="Source\Line.cpp" />
    <ClCompile Include="Source\Logger.cpp" />
    <ClCompile Include="Source\main.cpp" />
    <ClCompile Include="Source\Perlin.cpp" />
    <ClCompile Include="Source\Program.cpp" />
    <ClCompile Include="Source\Random.cpp" />
    <ClCompile Include="Source\ResourceManager.cpp" />
    <ClCompile Include="Source\Scene.cpp" />
    <ClCompile Include="Source\Segment.cpp" />
    <ClCompile Include="Source\Shader.cpp" />
    <ClCompile Include="Source\SpriteRenderer.cpp" />
    <ClCompile Include="Source\Star.cpp" />
    <ClCompile Include="Source\Texture2D.cpp" />
    <ClCompile Include="Source\Transform.cpp" />
    <ClCompile Include="Source\UserInterface.cpp" />
    <ClCompile Include="Source\CircleCollider.cpp" />
    <ClCompile Include="Source\Entity.cpp" />
    <ClCompile Include="libraries\imgui-master\imgui.cpp">
      <Filter>Libraries</Filter>
    </ClCompile>
    <ClCompile Include="libraries\imgui-master\imgui_demo.cpp">
      <Filter>Libraries</Filter>
    </ClCompile>
    <ClCompile Include="libraries\imgui-master\imgui_draw.cpp">
      <Filter>Libraries</Filter>
    </ClCompile>
    <ClCompile Include="libraries\imgui-master\imgui_impl_opengl3.cpp">
      <Filter>Libraries</Filter>
    </ClCompile>
    <ClCompile Include="libraries\imgui-master\imgui_impl_sdl2.cpp">
      <Filter>Libraries</Filter>
    </ClCompile>
    <ClCompile Include="libraries\imgui-master\imgui_impl_sdlrenderer2.cpp">
      <Filter>Libraries</Filter>
    </ClCompile>
    <ClCompile Include="libraries\imgui-master\imgui_tables.cpp">
      <Filter>Libraries</Filter>
    </ClCompile>
    <ClCompile Include="libraries\imgui-master\imgui_widgets.cpp">
      <Filter>Libraries</Filter>
    </ClCompile>
    <ClCompile Include="Libraries\imgui-master\ImGuizmo.cpp">
      <Filter>Libraries</Filter>
    </ClCompile>
    <ClCompile Include="libraries\stb\stb_image.cpp">
      <Filter>Libraries</Filter>
    </ClCompile>
    <ClCompile Include="Source\Input.cpp" />
    <ClCompile Include="Source\AnimationComponent.cpp" />
    <ClCompile Include="Source\Animation.cpp" />
    <ClCompile Include="Source\QuadArray.cpp" />
    <ClCompile Include="Source\SpriteBatch.cpp" />
    <ClCompile Include="Source\precomp.cpp" />
    <ClCompile Include="Source\glad.c">
      <Filter>Libraries</Filter>
    </ClCompile>
    <ClCompile Include="OrderComponent.cpp" />
  </ItemGroup>
  <ItemGroup>
    <ClInclude Include="Headers\Actor.hpp" />
    <ClInclude Include="Headers\BaseWeapon.hpp" />
    <ClInclude Include="Headers\Boid.hpp" />
    <ClInclude Include="Headers\BoxCollider.hpp" />
    <ClInclude Include="Headers\Bullet.hpp" />
    <ClInclude Include="Headers\Camera.hpp" />
    <ClInclude Include="Headers\Character.hpp" />
    <ClInclude Include="Headers\Circle.hpp" />
    <ClInclude Include="Headers\Collider.hpp" />
    <ClInclude Include="Headers\CollisionSolver.hpp" />
    <ClInclude Include="Headers\Command.hpp" />
    <ClInclude Include="Headers\Common.hpp" />
    <ClInclude Include="Headers\Creature.hpp" />
    <ClInclude Include="Headers\Emitter.hpp" />
    <ClInclude Include="Headers\Engine.hpp" />
    <ClInclude Include="Headers\FrameBuffer.hpp" />
    <ClInclude Include="Headers\Game.hpp" />
    <ClInclude Include="Headers\IKChain.hpp" />
    <ClInclude Include="Headers\IKSegment.hpp" />
    <ClInclude Include="Headers\InputHandler.hpp" />
    <ClInclude Include="Headers\Line.hpp" />
    <ClInclude Include="Headers\Logger.hpp" />
    <ClInclude Include="Headers\Perlin.hpp" />
    <ClInclude Include="Headers\Program.hpp" />
    <ClInclude Include="Headers\Random.hpp" />
    <ClInclude Include="Headers\ResourceManager.hpp" />
    <ClInclude Include="Headers\Scene.hpp" />
    <ClInclude Include="Headers\Segment.hpp" />
    <ClInclude Include="Headers\Shader.hpp" />
    <ClInclude Include="Headers\SpriteRenderer.hpp" />
    <ClInclude Include="Headers\Star.hpp" />
    <ClInclude Include="Headers\Texture2D.hpp" />
    <ClInclude Include="Headers\Transform.hpp" />
    <ClInclude Include="Headers\UserInterface.hpp" />
    <ClInclude Include="Headers\Utilities.hpp" />
    <ClInclude Include="Headers\Vertex.hpp" />
    <ClInclude Include="Headers\CircleCollider.hpp" />
    <ClInclude Include="Headers\Entity.hpp" />
    <ClInclude Include="Libraries\fmod\include\fmod_studio_common.h">
      <Filter>Libraries</Filter>
    </ClInclude>
    <ClInclude Include="Libraries\fmod\include\fmod_studio.hpp">
      <Filter>Libraries</Filter>
    </ClInclude>
    <ClInclude Include="Libraries\fmod\include\fmod_studio.h">
      <Filter>Libraries</Filter>
    </ClInclude>
    <ClInclude Include="Libraries\fmod\include\fmod_output.h">
      <Filter>Libraries</Filter>
    </ClInclude>
    <ClInclude Include="Libraries\fmod\include\fmod_errors.h">
      <Filter>Libraries</Filter>
    </ClInclude>
    <ClInclude Include="Libraries\fmod\include\fmod_dsp_effects.h">
      <Filter>Libraries</Filter>
    </ClInclude>
    <ClInclude Include="Libraries\fmod\include\fmod_dsp.h">
      <Filter>Libraries</Filter>
    </ClInclude>
    <ClInclude Include="Libraries\fmod\include\fmod_common.h">
      <Filter>Libraries</Filter>
    </ClInclude>
    <ClInclude Include="Libraries\fmod\include\fmod_codec.h">
      <Filter>Libraries</Filter>
    </ClInclude>
    <ClInclude Include="Libraries\fmod\include\fmod.hpp">
      <Filter>Libraries</Filter>
    </ClInclude>
    <ClInclude Include="Libraries\fmod\include\fmod.h">
      <Filter>Libraries</Filter>
    </ClInclude>
    <ClInclude Include="Libraries\entt\entt.hpp">
      <Filter>Libraries</Filter>
    </ClInclude>
    <ClInclude Include="libraries\imgui-master\imconfig.h">
      <Filter>Libraries</Filter>
    </ClInclude>
    <ClInclude Include="libraries\imgui-master\imgui.h">
      <Filter>Libraries</Filter>
    </ClInclude>
    <ClInclude Include="libraries\imgui-master\imgui_impl_opengl3.h">
      <Filter>Libraries</Filter>
    </ClInclude>
    <ClInclude Include="libraries\imgui-master\imgui_impl_opengl3_loader.h">
      <Filter>Libraries</Filter>
    </ClInclude>
    <ClInclude Include="Libraries\imgui-master\imgui_impl_sdl2.h">
      <Filter>Libraries</Filter>
    </ClInclude>
    <ClInclude Include="libraries\imgui-master\imgui_impl_sdlrenderer2.h">
      <Filter>Libraries</Filter>
    </ClInclude>
    <ClInclude Include="libraries\imgui-master\imgui_internal.h">
      <Filter>Libraries</Filter>
    </ClInclude>
    <ClInclude Include="Libraries\imgui-master\ImGuizmo.h">
      <Filter>Libraries</Filter>
    </ClInclude>
    <ClInclude Include="libraries\imgui-master\imstb_rectpack.h">
      <Filter>Libraries</Filter>
    </ClInclude>
    <ClInclude Include="libraries\imgui-master\imstb_textedit.h">
      <Filter>Libraries</Filter>
    </ClInclude>
    <ClInclude Include="libraries\imgui-master\imstb_truetype.h">
      <Filter>Libraries</Filter>
    </ClInclude>
    <ClInclude Include="libraries\stb\stb_image.h">
      <Filter>Libraries</Filter>
    </ClInclude>
    <ClInclude Include="Libraries\lua\include\lualib.h">
      <Filter>Libraries</Filter>
    </ClInclude>
    <ClInclude Include="Libraries\lua\include\luaconf.h">
      <Filter>Libraries</Filter>
    </ClInclude>
    <ClInclude Include="Libraries\lua\include\lua.hpp">
      <Filter>Libraries</Filter>
    </ClInclude>
    <ClInclude Include="Libraries\lua\include\lua.h">
      <Filter>Libraries</Filter>
    </ClInclude>
    <ClInclude Include="Headers\TextComponent.hpp" />
    <ClInclude Include="Headers\ScriptComponent.hpp" />
    <ClInclude Include="Headers\PhysicsComponent.hpp" />
    <ClInclude Include="Headers\EmitterComponent.hpp" />
    <ClInclude Include="Headers\AudioComponent.hpp" />
    <ClInclude Include="Libraries\sol\sol.hpp" />
    <ClInclude Include="Headers\Input.hpp" />
    <ClInclude Include="Headers\AnimationComponent.hpp" />
    <ClInclude Include="Headers\Animation.hpp" />
    <ClInclude Include="Headers\SpriteBatch.hpp" />
    <ClInclude Include="Headers\QuadArray.hpp" />
    <ClInclude Include="Headers\TransformComponent.hpp" />
    <ClInclude Include="Headers\SpriteComponent.hpp" />
    <ClInclude Include="Headers\NameComponent.hpp" />
    <ClInclude Include="Headers\precomp.h" />
    <ClInclude Include="libraries\glad\glad.h">
      <Filter>Libraries</Filter>
    </ClInclude>
    <ClInclude Include="Libraries\lua\include\lauxlib.h">
      <Filter>Libraries</Filter>
    </ClInclude>
    <ClInclude Include="Headers\lauxlib.h">
      <Filter>Libraries</Filter>
    </ClInclude>
    <ClInclude Include="Headers\luaconf.h">
      <Filter>Libraries</Filter>
    </ClInclude>
    <ClInclude Include="Headers\lua.hpp">
      <Filter>Libraries</Filter>
    </ClInclude>
    <ClInclude Include="Headers\lua.h">
      <Filter>Libraries</Filter>
    </ClInclude>
    <ClInclude Include="Headers\lualib.h">
      <Filter>Libraries</Filter>
    </ClInclude>
    <ClInclude Include="OrderComponent.hpp" />
  </ItemGroup>
  <ItemGroup>
    <None Include="Scripts\RandomNumber.lua" />
    <None Include="Libraries\fmod\include\fmod_studio.cs">
      <Filter>Libraries</Filter>
    </None>
    <None Include="Libraries\fmod\include\fmod_errors.cs">
      <Filter>Libraries</Filter>
    </None>
    <None Include="Libraries\fmod\include\fmod_dsp.cs">
      <Filter>Libraries</Filter>
    </None>
    <None Include="Libraries\fmod\include\fmod.cs">
      <Filter>Libraries</Filter>
    </None>
    <None Include="LICENSE" />
    <None Include="imgui.ini" />
    <None Include=".gitignore" />
    <None Include="Scripts\Default.lua" />
  </ItemGroup>
  <ItemGroup>
    <Filter Include="Libraries">
      <UniqueIdentifier>{7ca575bb-64f4-4066-8b48-118d88ecf37a}</UniqueIdentifier>
    </Filter>
  </ItemGroup>
</Project>