<?xml version="1.0" encoding="utf-8"?>
<Project ToolsVersion="4.0" xmlns="http://schemas.microsoft.com/developer/msbuild/2003">
  <ItemGroup>
    <Filter Include="Framework">
      <UniqueIdentifier>{47adbc4a-49ae-4ef5-a90a-0fb0578ca149}</UniqueIdentifier>
    </Filter>
    <Filter Include="Game">
      <UniqueIdentifier>{5ede783a-c758-48bd-9348-16333513f555}</UniqueIdentifier>
    </Filter>
    <Filter Include="Framework\Libraries">
      <UniqueIdentifier>{72420da8-f5fb-42cd-93ca-0fc2754957e3}</UniqueIdentifier>
    </Filter>
    <Filter Include="Framework\Libraries\imgui">
      <UniqueIdentifier>{b3bcdab8-438c-49e4-94a3-4fd9eaad99f8}</UniqueIdentifier>
    </Filter>
    <Filter Include="Framework\Core">
      <UniqueIdentifier>{ba733b73-2d5e-45a3-9a7a-3435bf54c2f6}</UniqueIdentifier>
    </Filter>
    <Filter Include="Framework\Utilities">
      <UniqueIdentifier>{02914f40-b512-4c57-9a65-327152105b1d}</UniqueIdentifier>
    </Filter>
    <Filter Include="Game\Shaders">
      <UniqueIdentifier>{e4a41b86-ecc8-4c10-8f2b-a5a34c8c2556}</UniqueIdentifier>
    </Filter>
    <Filter Include="Framework\Shaders">
      <UniqueIdentifier>{c20a0e99-d017-473e-9881-d71147a11cd0}</UniqueIdentifier>
    </Filter>
  </ItemGroup>
  <ItemGroup>
    <ClCompile Include="libraries\imgui-master\imgui.cpp">
      <Filter>Framework\Libraries\imgui</Filter>
    </ClCompile>
    <ClCompile Include="libraries\imgui-master\imgui_demo.cpp">
      <Filter>Framework\Libraries\imgui</Filter>
    </ClCompile>
    <ClCompile Include="libraries\imgui-master\imgui_draw.cpp">
      <Filter>Framework\Libraries\imgui</Filter>
    </ClCompile>
    <ClCompile Include="libraries\imgui-master\imgui_tables.cpp">
      <Filter>Framework\Libraries\imgui</Filter>
    </ClCompile>
    <ClCompile Include="libraries\imgui-master\imgui_widgets.cpp">
      <Filter>Framework\Libraries\imgui</Filter>
    </ClCompile>
    <ClCompile Include="libraries\imgui-master\imgui_impl_sdl2.cpp">
      <Filter>Framework\Libraries\imgui</Filter>
    </ClCompile>
    <ClCompile Include="libraries\imgui-master\imgui_impl_sdlrenderer2.cpp">
      <Filter>Framework\Libraries\imgui</Filter>
    </ClCompile>
    <ClCompile Include="Segment.cpp">
      <Filter>Game</Filter>
    </ClCompile>
    <ClCompile Include="Game.cpp">
      <Filter>Game</Filter>
    </ClCompile>
    <ClCompile Include="Collider.cpp">
      <Filter>Game</Filter>
    </ClCompile>
    <ClCompile Include="Camera.cpp">
      <Filter>Game</Filter>
    </ClCompile>
    <ClCompile Include="Bullet.cpp">
      <Filter>Game</Filter>
    </ClCompile>
    <ClCompile Include="BaseWeapon.cpp">
      <Filter>Game</Filter>
    </ClCompile>
    <ClCompile Include="glad.c">
      <Filter>Framework\Libraries</Filter>
    </ClCompile>
    <ClCompile Include="main.cpp">
      <Filter>Framework\Core</Filter>
    </ClCompile>
    <ClCompile Include="Transform.cpp">
      <Filter>Framework\Utilities</Filter>
    </ClCompile>
    <ClCompile Include="Shader.cpp">
      <Filter>Framework\Utilities</Filter>
    </ClCompile>
    <ClCompile Include="Texture2D.cpp">
      <Filter>Framework\Utilities</Filter>
    </ClCompile>
    <ClCompile Include="ResourceManager.cpp">
      <Filter>Framework\Utilities</Filter>
    </ClCompile>
    <ClCompile Include="Logger.cpp">
      <Filter>Framework\Utilities</Filter>
    </ClCompile>
    <ClCompile Include="Line.cpp">
      <Filter>Framework\Utilities</Filter>
    </ClCompile>
    <ClCompile Include="FrameBuffer.cpp">
      <Filter>Framework\Utilities</Filter>
    </ClCompile>
    <ClCompile Include="Star.cpp">
      <Filter>Game</Filter>
    </ClCompile>
    <ClCompile Include="Circle.cpp">
      <Filter>Framework\Utilities</Filter>
    </ClCompile>
    <ClCompile Include="Program.cpp">
      <Filter>Framework\Core</Filter>
    </ClCompile>
    <ClCompile Include="Engine.cpp">
      <Filter>Framework\Core</Filter>
    </ClCompile>
    <ClCompile Include="SceneManager.cpp">
      <Filter>Game</Filter>
    </ClCompile>
    <ClCompile Include="Scene.cpp">
      <Filter>Game</Filter>
    </ClCompile>
    <ClCompile Include="libraries\imgui-master\imgui_impl_opengl3.cpp">
      <Filter>Framework\Libraries\imgui</Filter>
    </ClCompile>
    <ClCompile Include="UserInterface.cpp">
      <Filter>Game</Filter>
    </ClCompile>
    <ClCompile Include="Boid.cpp">
      <Filter>Game</Filter>
    </ClCompile>
    <ClCompile Include="Creature.cpp">
      <Filter>Game</Filter>
    </ClCompile>
    <ClCompile Include="Actor.cpp">
      <Filter>Framework\Utilities</Filter>
    </ClCompile>
    <ClCompile Include="IKChain.cpp">
      <Filter>Framework\Utilities</Filter>
    </ClCompile>
    <ClCompile Include="IKSegment.cpp">
      <Filter>Framework\Utilities</Filter>
    </ClCompile>
    <ClCompile Include="SpriteRenderer.cpp">
      <Filter>Framework\Utilities</Filter>
    </ClCompile>
    <ClCompile Include="Perlin.cpp">
      <Filter>Framework\Utilities</Filter>
    </ClCompile>
    <ClCompile Include="libraries\stb\stb_image.cpp">
      <Filter>Framework\Libraries</Filter>
    </ClCompile>
    <ClCompile Include="CollisionSolver.cpp">
      <Filter>Framework</Filter>
    </ClCompile>
    <ClCompile Include="BoxCollider.cpp">
      <Filter>Framework</Filter>
    </ClCompile>
    <ClCompile Include="Random.cpp">
      <Filter>Framework</Filter>
    </ClCompile>
    <ClCompile Include="Emitter.cpp">
      <Filter>Framework</Filter>
    </ClCompile>
    <ClCompile Include="InputHandler.cpp">
      <Filter>Framework</Filter>
    </ClCompile>
    <ClCompile Include="Command.cpp">
      <Filter>Framework</Filter>
    </ClCompile>
  </ItemGroup>
  <ItemGroup>
    <ClInclude Include="libraries\imgui-master\imconfig.h">
      <Filter>Framework\Libraries\imgui</Filter>
    </ClInclude>
    <ClInclude Include="libraries\imgui-master\imgui.h">
      <Filter>Framework\Libraries\imgui</Filter>
    </ClInclude>
    <ClInclude Include="libraries\imgui-master\imgui_internal.h">
      <Filter>Framework\Libraries\imgui</Filter>
    </ClInclude>
    <ClInclude Include="libraries\imgui-master\imstb_rectpack.h">
      <Filter>Framework\Libraries\imgui</Filter>
    </ClInclude>
    <ClInclude Include="libraries\imgui-master\imstb_textedit.h">
      <Filter>Framework\Libraries\imgui</Filter>
    </ClInclude>
    <ClInclude Include="libraries\imgui-master\imstb_truetype.h">
      <Filter>Framework\Libraries\imgui</Filter>
    </ClInclude>
    <ClInclude Include="libraries\imgui-master\imgui_impl_sdlrenderer2.h">
      <Filter>Framework\Libraries\imgui</Filter>
    </ClInclude>
    <ClInclude Include="libraries\glad\glad.h">
      <Filter>Framework\Libraries</Filter>
    </ClInclude>
    <ClInclude Include="libraries\imgui-master\imgui_impl_opengl3_loader.h">
      <Filter>Framework\Libraries\imgui</Filter>
    </ClInclude>
    <ClInclude Include="libraries\imgui-master\imgui_impl_opengl3.h">
      <Filter>Framework\Libraries\imgui</Filter>
    </ClInclude>
    <ClInclude Include="libraries\stb\stb_image.h">
      <Filter>Framework\Libraries</Filter>
    </ClInclude>
  </ItemGroup>
  <ItemGroup>
    <None Include="Assets\Shaders\vFrameBuffer.glsl">
      <Filter>Game\Shaders</Filter>
    </None>
    <None Include="Assets\Shaders\fFrameBuffer.glsl">
      <Filter>Game\Shaders</Filter>
    </None>
    <None Include="Assets\Shaders\fSprite.glsl">
      <Filter>Game\Shaders</Filter>
    </None>
    <None Include="Assets\Shaders\vSprite.glsl">
      <Filter>Game\Shaders</Filter>
    </None>
    <None Include="Assets\Shaders\vSpine.glsl">
      <Filter>Game\Shaders</Filter>
    </None>
    <None Include="Assets\Shaders\fSpine.glsl">
      <Filter>Game\Shaders</Filter>
    </None>
    <None Include="Assets\Shaders\vPerlin.glsl">
      <Filter>Game\Shaders</Filter>
    </None>
    <None Include="Assets\Shaders\fPerlin.glsl">
      <Filter>Game\Shaders</Filter>
    </None>
    <None Include="Assets\Shaders\fBasic.glsl">
      <Filter>Framework\Shaders</Filter>
    </None>
    <None Include="Assets\Shaders\vBasic.glsl">
      <Filter>Framework\Shaders</Filter>
    </None>
  </ItemGroup>
</Project>